{
  "name": "@authumn/angular",
  "version": "1.0.0",
  "lockfileVersion": 1,
  "requires": true,
  "dependencies": {
    "@angular/animations": {
      "version": "6.0.0-rc.5",
      "resolved": "https://registry.npmjs.org/@angular/animations/-/animations-6.0.0-rc.5.tgz",
      "integrity": "sha512-dJAqLU8kTkW6W84q0VH5oX06CwMX4VXKokn2sMqboOZ5iHkZWfA+lO6wTjS+1pQ2jJ4EOc2HSyBovdGo7jPbLQ==",
      "requires": {
        "tslib": "1.9.0"
      }
    },
    "@angular/cdk": {
      "version": "6.0.0-rc.12",
      "resolved": "https://registry.npmjs.org/@angular/cdk/-/cdk-6.0.0-rc.12.tgz",
      "integrity": "sha512-sho7+IxD1pUVjtULsZhunViDNSXk5/a6sHeRciPuBd3FQVQBU+QtkdI4MRqqDzdVBj6gf8k6PGhm4FDRQrOO4A==",
      "requires": {
        "tslib": "1.9.0"
      }
    },
    "@angular/forms": {
      "version": "6.0.0-rc.5",
      "resolved": "https://registry.npmjs.org/@angular/forms/-/forms-6.0.0-rc.5.tgz",
      "integrity": "sha512-wBDuqbydRhTeW7ejbR5OQ+uUuNVr4NKykYPPnM+9SQIND3zx2SGwylgtFQrBmBJFqFEIfdeEw+I5DsIbuD0LXw==",
      "requires": {
        "tslib": "1.9.0"
      }
    },
    "@angular/material": {
      "version": "6.0.0-rc.12",
      "resolved": "https://registry.npmjs.org/@angular/material/-/material-6.0.0-rc.12.tgz",
      "integrity": "sha512-yN6JKpYnhALpFyJlq3GDRdF5hmYTHT4ccmQeV7YX3VznlWDNjO/AxeXm6BcClEmuKNPuv1ipAetRd8dlsSyqLg==",
      "requires": {
        "tslib": "1.9.0"
      }
    },
    "@angular/router": {
      "version": "6.0.0-rc.5",
      "resolved": "https://registry.npmjs.org/@angular/router/-/router-6.0.0-rc.5.tgz",
      "integrity": "sha512-8IREGDhMVMai8l8AxlIujR2dtkEW4QKQ6Ifv5zd2R2fLEIIsGBSe+jahPpZNKAOc3Nt74HJ1gA96exFPLp0DnQ==",
      "requires": {
        "tslib": "1.9.0"
      }
    },
    "@ngrx/effects": {
      "version": "5.2.0",
      "resolved": "https://registry.npmjs.org/@ngrx/effects/-/effects-5.2.0.tgz",
      "integrity": "sha1-qnYractv1GRNckoc7NJlyqQrrwk="
    },
    "@ngrx/store": {
      "version": "5.2.0",
      "resolved": "https://registry.npmjs.org/@ngrx/store/-/store-5.2.0.tgz",
      "integrity": "sha1-Yn7XTJzZVGKTBIXZEqVXEXsjkD4="
    },
    "@types/qs": {
      "version": "6.5.1",
      "resolved": "https://registry.npmjs.org/@types/qs/-/qs-6.5.1.tgz",
      "integrity": "sha512-mNhVdZHdtKHMMxbqzNK3RzkBcN1cux3AvuCYGTvjEIQT2uheH3eCAyYsbMbh2Bq8nXkeOWs1kyDiF7geWRFQ4Q=="
    },
    "qs": {
      "version": "6.5.1",
      "resolved": "https://registry.npmjs.org/qs/-/qs-6.5.1.tgz",
      "integrity": "sha512-eRzhrN1WSINYCDCbrz796z37LOe3m5tmW7RQf6oBntukAG1nmovJvhnwHHRMAfeoItc1m2Hk02WER2aQ/iqs+A=="
    },
    "rxjs": {
      "version": "5.5.10",
      "resolved": "https://registry.npmjs.org/rxjs/-/rxjs-5.5.10.tgz",
      "integrity": "sha512-SRjimIDUHJkon+2hFo7xnvNC4ZEHGzCRwh9P7nzX3zPkCGFEg/tuElrNR7L/rZMagnK2JeH2jQwPRpmyXyLB6A==",
      "requires": {
        "symbol-observable": "1.0.1"
      }
    },
    "symbol-observable": {
      "version": "1.0.1",
      "resolved": "https://registry.npmjs.org/symbol-observable/-/symbol-observable-1.0.1.tgz",
      "integrity": "sha1-g0D8RwLDEi310iKI+IKD9RPT/dQ="
    },
    "tslib": {
      "version": "1.9.0",
      "resolved": "https://registry.npmjs.org/tslib/-/tslib-1.9.0.tgz",
      "integrity": "sha512-f/qGG2tUkrISBlQZEjEqoZ3B2+npJjIf04H1wuAv9iA8i04Icp+61KRXxFdha22670NJopsZCIjhC3SnjPRKrQ=="
    },
    "zone.js": {
      "version": "0.8.26",
      "resolved": "https://registry.npmjs.org/zone.js/-/zone.js-0.8.26.tgz",
      "integrity": "sha512-W9Nj+UmBJG251wkCacIkETgra4QgBo/vgoEkb4a2uoLzpQG7qF9nzwoLXWU5xj3Fg2mxGvEDh47mg24vXccYjA=="
    }
  }
}
