# THIS IS AN AUTOGENERATED FILE. DO NOT EDIT THIS FILE DIRECTLY.
# yarn lockfile v1


"@angular/animations@^5.2.8":
  version "5.2.8"
  resolved "https://registry.yarnpkg.com/@angular/animations/-/animations-5.2.8.tgz#31cdb49163881323fa5ded41e89683ec5e9ac8b5"
  dependencies:
    tslib "^1.7.1"

"@angular/cdk@^5.2.4":
  version "5.2.4"
  resolved "https://registry.yarnpkg.com/@angular/cdk/-/cdk-5.2.4.tgz#c0a429a8710d8fedb157f546e21cb49d4335f7f7"
  dependencies:
    tslib "^1.7.1"

"@angular/forms@^5.2.8":
  version "5.2.8"
  resolved "https://registry.yarnpkg.com/@angular/forms/-/forms-5.2.8.tgz#eda3c0ee2cb085581bb9bf8ac3c7b463b082b643"
  dependencies:
    tslib "^1.7.1"

"@types/qs@^6.5.1":
  version "6.5.1"
  resolved "https://registry.yarnpkg.com/@types/qs/-/qs-6.5.1.tgz#a38f69c62528d56ba7bd1f91335a8004988d72f7"

qs@^6.5.1:
  version "6.5.1"
  resolved "https://registry.yarnpkg.com/qs/-/qs-6.5.1.tgz#349cdf6eef89ec45c12d7d5eb3fc0c870343a6d8"

tslib@^1.7.1:
  version "1.9.0"
  resolved "https://registry.yarnpkg.com/tslib/-/tslib-1.9.0.tgz#e37a86fda8cbbaf23a057f473c9f4dc64e5fc2e8"
